
Microsoft Visual Studio Solution File, Format Version 12.00
# Visual Studio Version 16
VisualStudioVersion = 16.0.30804.86
MinimumVisualStudioVersion = 10.0.40219.1
Project("{8BC9CEB8-8B4A-11D0-8D11-00A0C91BC942}") = "StringPermutations", "StringPermutations\StringPermutations.vcxproj", "{35C146B5-8302-4789-820C-4DBC65530CFE}"
EndProject
Global
	GlobalSection(SolutionConfigurationPlatforms) = preSolution
		Debug|x64 = Debug|x64
		Debug|x86 = Debug|x86
		Release|x64 = Release|x64
		Release|x86 = Release|x86
	EndGlobalSection
	GlobalSection(ProjectConfigurationPlatforms) = postSolution
		{35C146B5-8302-4789-820C-4DBC65530CFE}.Debug|x64.ActiveCfg = Debug|x64
		{35C146B5-8302-4789-820C-4DBC65530CFE}.Debug|x64.Build.0 = Debug|x64
		{35C146B5-8302-4789-820C-4DBC65530CFE}.Debug|x86.ActiveCfg = Debug|Win32
		{35C146B5-8302-4789-820C-4DBC65530CFE}.Debug|x86.Build.0 = Debug|Win32
		{35C146B5-8302-4789-820C-4DBC65530CFE}.Release|x64.ActiveCfg = Release|x64
		{35C146B5-8302-4789-820C-4DBC65530CFE}.Release|x64.Build.0 = Release|x64
		{35C146B5-8302-4789-820C-4DBC65530CFE}.Release|x86.ActiveCfg = Release|Win32
		{35C146B5-8302-4789-820C-4DBC65530CFE}.Release|x86.Build.0 = Release|Win32
	EndGlobalSection
	GlobalSection(SolutionProperties) = preSolution
		HideSolutionNode = FALSE
	EndGlobalSection
	GlobalSection(ExtensibilityGlobals) = postSolution
		SolutionGuid = {1F658E78-8BE2-47B6-BD8A-1F84B32B1214}
	EndGlobalSection
EndGlobal
